// !$*UTF8*$!
{
	archiveVersion = 1;
	classes = {
	};
	objectVersion = 55;
	objects = {

/* Begin PBXBuildFile section */
		CCCEE23F27D0142B00ABA946 /* contactListSwifUIApp.swift in Sources */ = {isa = PBXBuildFile; fileRef = CCCEE23E27D0142B00ABA946 /* contactListSwifUIApp.swift */; };
		CCCEE24127D0142B00ABA946 /* ContentView.swift in Sources */ = {isa = PBXBuildFile; fileRef = CCCEE24027D0142B00ABA946 /* ContentView.swift */; };
		CCCEE24327D0142E00ABA946 /* Assets.xcassets in Resources */ = {isa = PBXBuildFile; fileRef = CCCEE24227D0142E00ABA946 /* Assets.xcassets */; };
		CCCEE24627D0142E00ABA946 /* Preview Assets.xcassets in Resources */ = {isa = PBXBuildFile; fileRef = CCCEE24527D0142E00ABA946 /* Preview Assets.xcassets */; };
		CCCEE25027D0149C00ABA946 /* Person.swift in Sources */ = {isa = PBXBuildFile; fileRef = CCCEE24F27D0149C00ABA946 /* Person.swift */; };
		CCCEE25227D017C400ABA946 /* DataManager.swift in Sources */ = {isa = PBXBuildFile; fileRef = CCCEE25127D017C400ABA946 /* DataManager.swift */; };
		CCCEE25427D0254E00ABA946 /* Contacts.swift in Sources */ = {isa = PBXBuildFile; fileRef = CCCEE25327D0254E00ABA946 /* Contacts.swift */; };
		CCCEE25727D0257700ABA946 /* Numbers.swift in Sources */ = {isa = PBXBuildFile; fileRef = CCCEE25627D0257700ABA946 /* Numbers.swift */; };
		CCCEE25927D09AAF00ABA946 /* Profile.swift in Sources */ = {isa = PBXBuildFile; fileRef = CCCEE25827D09AAE00ABA946 /* Profile.swift */; };
		CCCEE25B27D0B7F200ABA946 /* CardProfile.swift in Sources */ = {isa = PBXBuildFile; fileRef = CCCEE25A27D0B7F200ABA946 /* CardProfile.swift */; };
		CCCEE25E27D1F2D400ABA946 /* RowContact.swift in Sources */ = {isa = PBXBuildFile; fileRef = CCCEE25D27D1F2D400ABA946 /* RowContact.swift */; };
		CCCEE26027D1F39F00ABA946 /* RowNumber.swift in Sources */ = {isa = PBXBuildFile; fileRef = CCCEE25F27D1F39F00ABA946 /* RowNumber.swift */; };
/* End PBXBuildFile section */

/* Begin PBXFileReference section */
		CCCEE23B27D0142B00ABA946 /* contactListSwifUI.app */ = {isa = PBXFileReference; explicitFileType = wrapper.application; includeInIndex = 0; path = contactListSwifUI.app; sourceTree = BUILT_PRODUCTS_DIR; };
		CCCEE23E27D0142B00ABA946 /* contactListSwifUIApp.swift */ = {isa = PBXFileReference; lastKnownFileType = sourcecode.swift; path = contactListSwifUIApp.swift; sourceTree = "<group>"; };
		CCCEE24027D0142B00ABA946 /* ContentView.swift */ = {isa = PBXFileReference; lastKnownFileType = sourcecode.swift; path = ContentView.swift; sourceTree = "<group>"; };
		CCCEE24227D0142E00ABA946 /* Assets.xcassets */ = {isa = PBXFileReference; lastKnownFileType = folder.assetcatalog; path = Assets.xcassets; sourceTree = "<group>"; };
		CCCEE24527D0142E00ABA946 /* Preview Assets.xcassets */ = {isa = PBXFileReference; lastKnownFileType = folder.assetcatalog; path = "Preview Assets.xcassets"; sourceTree = "<group>"; };
		CCCEE24F27D0149C00ABA946 /* Person.swift */ = {isa = PBXFileReference; lastKnownFileType = sourcecode.swift; path = Person.swift; sourceTree = "<group>"; };
		CCCEE25127D017C400ABA946 /* DataManager.swift */ = {isa = PBXFileReference; lastKnownFileType = sourcecode.swift; path = DataManager.swift; sourceTree = "<group>"; };
		CCCEE25327D0254E00ABA946 /* Contacts.swift */ = {isa = PBXFileReference; lastKnownFileType = sourcecode.swift; path = Contacts.swift; sourceTree = "<group>"; };
		CCCEE25627D0257700ABA946 /* Numbers.swift */ = {isa = PBXFileReference; lastKnownFileType = sourcecode.swift; path = Numbers.swift; sourceTree = "<group>"; };
		CCCEE25827D09AAE00ABA946 /* Profile.swift */ = {isa = PBXFileReference; lastKnownFileType = sourcecode.swift; path = Profile.swift; sourceTree = "<group>"; };
		CCCEE25A27D0B7F200ABA946 /* CardProfile.swift */ = {isa = PBXFileReference; lastKnownFileType = sourcecode.swift; path = CardProfile.swift; sourceTree = "<group>"; };
		CCCEE25D27D1F2D400ABA946 /* RowContact.swift */ = {isa = PBXFileReference; lastKnownFileType = sourcecode.swift; path = RowContact.swift; sourceTree = "<group>"; };
		CCCEE25F27D1F39F00ABA946 /* RowNumber.swift */ = {isa = PBXFileReference; lastKnownFileType = sourcecode.swift; path = RowNumber.swift; sourceTree = "<group>"; };
/* End PBXFileReference section */

/* Begin PBXFrameworksBuildPhase section */
		CCCEE23827D0142B00ABA946 /* Frameworks */ = {
			isa = PBXFrameworksBuildPhase;
			buildActionMask = 2147483647;
			files = (
			);
			runOnlyForDeploymentPostprocessing = 0;
		};
/* End PBXFrameworksBuildPhase section */

/* Begin PBXGroup section */
		CCCEE23227D0142B00ABA946 = {
			isa = PBXGroup;
			children = (
				CCCEE23D27D0142B00ABA946 /* contactListSwifUI */,
				CCCEE23C27D0142B00ABA946 /* Products */,
			);
			sourceTree = "<group>";
		};
		CCCEE23C27D0142B00ABA946 /* Products */ = {
			isa = PBXGroup;
			children = (
				CCCEE23B27D0142B00ABA946 /* contactListSwifUI.app */,
			);
			name = Products;
			sourceTree = "<group>";
		};
		CCCEE23D27D0142B00ABA946 /* contactListSwifUI */ = {
			isa = PBXGroup;
			children = (
				CCCEE24D27D0145B00ABA946 /* Models */,
				CCCEE24C27D0143C00ABA946 /* View */,
				CCCEE23E27D0142B00ABA946 /* contactListSwifUIApp.swift */,
				CCCEE24027D0142B00ABA946 /* ContentView.swift */,
				CCCEE24E27D0146600ABA946 /* Resources */,
				CCCEE24427D0142E00ABA946 /* Preview Content */,
			);
			path = contactListSwifUI;
			sourceTree = "<group>";
		};
		CCCEE24427D0142E00ABA946 /* Preview Content */ = {
			isa = PBXGroup;
			children = (
				CCCEE24527D0142E00ABA946 /* Preview Assets.xcassets */,
			);
			path = "Preview Content";
			sourceTree = "<group>";
		};
		CCCEE24C27D0143C00ABA946 /* View */ = {
			isa = PBXGroup;
			children = (
				CCCEE25527D0255500ABA946 /* Screens */,
				CCCEE25C27D0B82800ABA946 /* View */,
			);
			path = View;
			sourceTree = "<group>";
		};
		CCCEE24D27D0145B00ABA946 /* Models */ = {
			isa = PBXGroup;
			children = (
				CCCEE24F27D0149C00ABA946 /* Person.swift */,
				CCCEE25127D017C400ABA946 /* DataManager.swift */,
			);
			path = Models;
			sourceTree = "<group>";
		};
		CCCEE24E27D0146600ABA946 /* Resources */ = {
			isa = PBXGroup;
			children = (
				CCCEE24227D0142E00ABA946 /* Assets.xcassets */,
			);
			path = Resources;
			sourceTree = "<group>";
		};
		CCCEE25527D0255500ABA946 /* Screens */ = {
			isa = PBXGroup;
			children = (
				CCCEE25327D0254E00ABA946 /* Contacts.swift */,
				CCCEE25627D0257700ABA946 /* Numbers.swift */,
				CCCEE25827D09AAE00ABA946 /* Profile.swift */,
			);
			path = Screens;
			sourceTree = "<group>";
		};
		CCCEE25C27D0B82800ABA946 /* View */ = {
			isa = PBXGroup;
			children = (
				CCCEE25D27D1F2D400ABA946 /* RowContact.swift */,
				CCCEE25A27D0B7F200ABA946 /* CardProfile.swift */,
				CCCEE25F27D1F39F00ABA946 /* RowNumber.swift */,
			);
			path = View;
			sourceTree = "<group>";
		};
/* End PBXGroup section */

/* Begin PBXNativeTarget section */
		CCCEE23A27D0142B00ABA946 /* contactListSwifUI */ = {
			isa = PBXNativeTarget;
			buildConfigurationList = CCCEE24927D0142E00ABA946 /* Build configuration list for PBXNativeTarget "contactListSwifUI" */;
			buildPhases = (
				CCCEE23727D0142B00ABA946 /* Sources */,
				CCCEE23827D0142B00ABA946 /* Frameworks */,
				CCCEE23927D0142B00ABA946 /* Resources */,
			);
			buildRules = (
			);
			dependencies = (
			);
			name = contactListSwifUI;
			productName = contactListSwifUI;
			productReference = CCCEE23B27D0142B00ABA946 /* contactListSwifUI.app */;
			productType = "com.apple.product-type.application";
		};
/* End PBXNativeTarget section */

/* Begin PBXProject section */
		CCCEE23327D0142B00ABA946 /* Project object */ = {
			isa = PBXProject;
			attributes = {
				BuildIndependentTargetsInParallel = 1;
				LastSwiftUpdateCheck = 1320;
				LastUpgradeCheck = 1320;
				TargetAttributes = {
					CCCEE23A27D0142B00ABA946 = {
						CreatedOnToolsVersion = 13.2.1;
					};
				};
			};
			buildConfigurationList = CCCEE23627D0142B00ABA946 /* Build configuration list for PBXProject "contactListSwifUI" */;
			compatibilityVersion = "Xcode 13.0";
			developmentRegion = en;
			hasScannedForEncodings = 0;
			knownRegions = (
				en,
				Base,
			);
			mainGroup = CCCEE23227D0142B00ABA946;
			productRefGroup = CCCEE23C27D0142B00ABA946 /* Products */;
			projectDirPath = "";
			projectRoot = "";
			targets = (
				CCCEE23A27D0142B00ABA946 /* contactListSwifUI */,
			);
		};
/* End PBXProject section */

/* Begin PBXResourcesBuildPhase section */
		CCCEE23927D0142B00ABA946 /* Resources */ = {
			isa = PBXResourcesBuildPhase;
			buildActionMask = 2147483647;
			files = (
				CCCEE24627D0142E00ABA946 /* Preview Assets.xcassets in Resources */,
				CCCEE24327D0142E00ABA946 /* Assets.xcassets in Resources */,
			);
			runOnlyForDeploymentPostprocessing = 0;
		};
/* End PBXResourcesBuildPhase section */

/* Begin PBXSourcesBuildPhase section */
		CCCEE23727D0142B00ABA946 /* Sources */ = {
			isa = PBXSourcesBuildPhase;
			buildActionMask = 2147483647;
			files = (
				CCCEE24127D0142B00ABA946 /* ContentView.swift in Sources */,
				CCCEE25227D017C400ABA946 /* DataManager.swift in Sources */,
				CCCEE25727D0257700ABA946 /* Numbers.swift in Sources */,
				CCCEE25927D09AAF00ABA946 /* Profile.swift in Sources */,
				CCCEE25027D0149C00ABA946 /* Person.swift in Sources */,
				CCCEE23F27D0142B00ABA946 /* contactListSwifUIApp.swift in Sources */,
				CCCEE25427D0254E00ABA946 /* Contacts.swift in Sources */,
				CCCEE26027D1F39F00ABA946 /* RowNumber.swift in Sources */,
				CCCEE25E27D1F2D400ABA946 /* RowContact.swift in Sources */,
				CCCEE25B27D0B7F200ABA946 /* CardProfile.swift in Sources */,
			);
			runOnlyForDeploymentPostprocessing = 0;
		};
/* End PBXSourcesBuildPhase section */

/* Begin XCBuildConfiguration section */
		CCCEE24727D0142E00ABA946 /* Debug */ = {
			isa = XCBuildConfiguration;
			buildSettings = {
				ALWAYS_SEARCH_USER_PATHS = NO;
				CLANG_ANALYZER_NONNULL = YES;
				CLANG_ANALYZER_NUMBER_OBJECT_CONVERSION = YES_AGGRESSIVE;
				CLANG_CXX_LANGUAGE_STANDARD = "gnu++17";
				CLANG_CXX_LIBRARY = "libc++";
				CLANG_ENABLE_MODULES = YES;
				CLANG_ENABLE_OBJC_ARC = YES;
				CLANG_ENABLE_OBJC_WEAK = YES;
				CLANG_WARN_BLOCK_CAPTURE_AUTORELEASING = YES;
				CLANG_WARN_BOOL_CONVERSION = YES;
				CLANG_WARN_COMMA = YES;
				CLANG_WARN_CONSTANT_CONVERSION = YES;
				CLANG_WARN_DEPRECATED_OBJC_IMPLEMENTATIONS = YES;
				CLANG_WARN_DIRECT_OBJC_ISA_USAGE = YES_ERROR;
				CLANG_WARN_DOCUMENTATION_COMMENTS = YES;
				CLANG_WARN_EMPTY_BODY = YES;
				CLANG_WARN_ENUM_CONVERSION = YES;
				CLANG_WARN_INFINITE_RECURSION = YES;
				CLANG_WARN_INT_CONVERSION = YES;
				CLANG_WARN_NON_LITERAL_NULL_CONVERSION = YES;
				CLANG_WARN_OBJC_IMPLICIT_RETAIN_SELF = YES;
				CLANG_WARN_OBJC_LITERAL_CONVERSION = YES;
				CLANG_WARN_OBJC_ROOT_CLASS = YES_ERROR;
				CLANG_WARN_QUOTED_INCLUDE_IN_FRAMEWORK_HEADER = YES;
				CLANG_WARN_RANGE_LOOP_ANALYSIS = YES;
				CLANG_WARN_STRICT_PROTOTYPES = YES;
				CLANG_WARN_SUSPICIOUS_MOVE = YES;
				CLANG_WARN_UNGUARDED_AVAILABILITY = YES_AGGRESSIVE;
				CLANG_WARN_UNREACHABLE_CODE = YES;
				CLANG_WARN__DUPLICATE_METHOD_MATCH = YES;
				COPY_PHASE_STRIP = NO;
				DEBUG_INFORMATION_FORMAT = dwarf;
				ENABLE_STRICT_OBJC_MSGSEND = YES;
				ENABLE_TESTABILITY = YES;
				GCC_C_LANGUAGE_STANDARD = gnu11;
				GCC_DYNAMIC_NO_PIC = NO;
				GCC_NO_COMMON_BLOCKS = YES;
				GCC_OPTIMIZATION_LEVEL = 0;
				GCC_PREPROCESSOR_DEFINITIONS = (
					"DEBUG=1",
					"$(inherited)",
				);
				GCC_WARN_64_TO_32_BIT_CONVERSION = YES;
				GCC_WARN_ABOUT_RETURN_TYPE = YES_ERROR;
				GCC_WARN_UNDECLARED_SELECTOR = YES;
				GCC_WARN_UNINITIALIZED_AUTOS = YES_AGGRESSIVE;
				GCC_WARN_UNUSED_FUNCTION = YES;
				GCC_WARN_UNUSED_VARIABLE = YES;
				IPHONEOS_DEPLOYMENT_TARGET = 15.2;
				MTL_ENABLE_DEBUG_INFO = INCLUDE_SOURCE;
				MTL_FAST_MATH = YES;
				ONLY_ACTIVE_ARCH = YES;
				SDKROOT = iphoneos;
				SWIFT_ACTIVE_COMPILATION_CONDITIONS = DEBUG;
				SWIFT_OPTIMIZATION_LEVEL = "-Onone";
			};
			name = Debug;
		};
		CCCEE24827D0142E00ABA946 /* Release */ = {
			isa = XCBuildConfiguration;
			buildSettings = {
				ALWAYS_SEARCH_USER_PATHS = NO;
				CLANG_ANALYZER_NONNULL = YES;
				CLANG_ANALYZER_NUMBER_OBJECT_CONVERSION = YES_AGGRESSIVE;
				CLANG_CXX_LANGUAGE_STANDARD = "gnu++17";
				CLANG_CXX_LIBRARY = "libc++";
				CLANG_ENABLE_MODULES = YES;
				CLANG_ENABLE_OBJC_ARC = YES;
				CLANG_ENABLE_OBJC_WEAK = YES;
				CLANG_WARN_BLOCK_CAPTURE_AUTORELEASING = YES;
				CLANG_WARN_BOOL_CONVERSION = YES;
				CLANG_WARN_COMMA = YES;
				CLANG_WARN_CONSTANT_CONVERSION = YES;
				CLANG_WARN_DEPRECATED_OBJC_IMPLEMENTATIONS = YES;
				CLANG_WARN_DIRECT_OBJC_ISA_USAGE = YES_ERROR;
				CLANG_WARN_DOCUMENTATION_COMMENTS = YES;
				CLANG_WARN_EMPTY_BODY = YES;
				CLANG_WARN_ENUM_CONVERSION = YES;
				CLANG_WARN_INFINITE_RECURSION = YES;
				CLANG_WARN_INT_CONVERSION = YES;
				CLANG_WARN_NON_LITERAL_NULL_CONVERSION = YES;
				CLANG_WARN_OBJC_IMPLICIT_RETAIN_SELF = YES;
				CLANG_WARN_OBJC_LITERAL_CONVERSION = YES;
				CLANG_WARN_OBJC_ROOT_CLASS = YES_ERROR;
				CLANG_WARN_QUOTED_INCLUDE_IN_FRAMEWORK_HEADER = YES;
				CLANG_WARN_RANGE_LOOP_ANALYSIS = YES;
				CLANG_WARN_STRICT_PROTOTYPES = YES;
				CLANG_WARN_SUSPICIOUS_MOVE = YES;
				CLANG_WARN_UNGUARDED_AVAILABILITY = YES_AGGRESSIVE;
				CLANG_WARN_UNREACHABLE_CODE = YES;
				CLANG_WARN__DUPLICATE_METHOD_MATCH = YES;
				COPY_PHASE_STRIP = NO;
				DEBUG_INFORMATION_FORMAT = "dwarf-with-dsym";
				ENABLE_NS_ASSERTIONS = NO;
				ENABLE_STRICT_OBJC_MSGSEND = YES;
				GCC_C_LANGUAGE_STANDARD = gnu11;
				GCC_NO_COMMON_BLOCKS = YES;
				GCC_WARN_64_TO_32_BIT_CONVERSION = YES;
				GCC_WARN_ABOUT_RETURN_TYPE = YES_ERROR;
				GCC_WARN_UNDECLARED_SELECTOR = YES;
				GCC_WARN_UNINITIALIZED_AUTOS = YES_AGGRESSIVE;
				GCC_WARN_UNUSED_FUNCTION = YES;
				GCC_WARN_UNUSED_VARIABLE = YES;
				IPHONEOS_DEPLOYMENT_TARGET = 15.2;
				MTL_ENABLE_DEBUG_INFO = NO;
				MTL_FAST_MATH = YES;
				SDKROOT = iphoneos;
				SWIFT_COMPILATION_MODE = wholemodule;
				SWIFT_OPTIMIZATION_LEVEL = "-O";
				VALIDATE_PRODUCT = YES;
			};
			name = Release;
		};
		CCCEE24A27D0142E00ABA946 /* Debug */ = {
			isa = XCBuildConfiguration;
			buildSettings = {
				ASSETCATALOG_COMPILER_APPICON_NAME = AppIcon;
				ASSETCATALOG_COMPILER_GLOBAL_ACCENT_COLOR_NAME = AccentColor;
				CODE_SIGN_STYLE = Automatic;
				CURRENT_PROJECT_VERSION = 1;
				DEVELOPMENT_ASSET_PATHS = "\"contactListSwifUI/Preview Content\"";
				ENABLE_PREVIEWS = YES;
				GENERATE_INFOPLIST_FILE = YES;
				INFOPLIST_KEY_UIApplicationSceneManifest_Generation = YES;
				INFOPLIST_KEY_UIApplicationSupportsIndirectInputEvents = YES;
				INFOPLIST_KEY_UILaunchScreen_Generation = YES;
				INFOPLIST_KEY_UISupportedInterfaceOrientations_iPad = "UIInterfaceOrientationPortrait UIInterfaceOrientationPortraitUpsideDown UIInterfaceOrientationLandscapeLeft UIInterfaceOrientationLandscapeRight";
				INFOPLIST_KEY_UISupportedInterfaceOrientations_iPhone = "UIInterfaceOrientationPortrait UIInterfaceOrientationLandscapeLeft UIInterfaceOrientationLandscapeRight";
				LD_RUNPATH_SEARCH_PATHS = (
					"$(inherited)",
					"@executable_path/Frameworks",
				);
				MARKETING_VERSION = 1.0;
				PRODUCT_BUNDLE_IDENTIFIER = com.student.contactListSwifUI;
				PRODUCT_NAME = "$(TARGET_NAME)";
				SWIFT_EMIT_LOC_STRINGS = YES;
				SWIFT_VERSION = 5.0;
				TARGETED_DEVICE_FAMILY = "1,2";
			};
			name = Debug;
		};
		CCCEE24B27D0142E00ABA946 /* Release */ = {
			isa = XCBuildConfiguration;
			buildSettings = {
				ASSETCATALOG_COMPILER_APPICON_NAME = AppIcon;
				ASSETCATALOG_COMPILER_GLOBAL_ACCENT_COLOR_NAME = AccentColor;
				CODE_SIGN_STYLE = Automatic;
				CURRENT_PROJECT_VERSION = 1;
				DEVELOPMENT_ASSET_PATHS = "\"contactListSwifUI/Preview Content\"";
				ENABLE_PREVIEWS = YES;
				GENERATE_INFOPLIST_FILE = YES;
				INFOPLIST_KEY_UIApplicationSceneManifest_Generation = YES;
				INFOPLIST_KEY_UIApplicationSupportsIndirectInputEvents = YES;
				INFOPLIST_KEY_UILaunchScreen_Generation = YES;
				INFOPLIST_KEY_UISupportedInterfaceOrientations_iPad = "UIInterfaceOrientationPortrait UIInterfaceOrientationPortraitUpsideDown UIInterfaceOrientationLandscapeLeft UIInterfaceOrientationLandscapeRight";
				INFOPLIST_KEY_UISupportedInterfaceOrientations_iPhone = "UIInterfaceOrientationPortrait UIInterfaceOrientationLandscapeLeft UIInterfaceOrientationLandscapeRight";
				LD_RUNPATH_SEARCH_PATHS = (
					"$(inherited)",
					"@executable_path/Frameworks",
				);
				MARKETING_VERSION = 1.0;
				PRODUCT_BUNDLE_IDENTIFIER = com.student.contactListSwifUI;
				PRODUCT_NAME = "$(TARGET_NAME)";
				SWIFT_EMIT_LOC_STRINGS = YES;
				SWIFT_VERSION = 5.0;
				TARGETED_DEVICE_FAMILY = "1,2";
			};
			name = Release;
		};
/* End XCBuildConfiguration section */

/* Begin XCConfigurationList section */
		CCCEE23627D0142B00ABA946 /* Build configuration list for PBXProject "contactListSwifUI" */ = {
			isa = XCConfigurationList;
			buildConfigurations = (
				CCCEE24727D0142E00ABA946 /* Debug */,
				CCCEE24827D0142E00ABA946 /* Release */,
			);
			defaultConfigurationIsVisible = 0;
			defaultConfigurationName = Release;
		};
		CCCEE24927D0142E00ABA946 /* Build configuration list for PBXNativeTarget "contactListSwifUI" */ = {
			isa = XCConfigurationList;
			buildConfigurations = (
				CCCEE24A27D0142E00ABA946 /* Debug */,
				CCCEE24B27D0142E00ABA946 /* Release */,
			);
			defaultConfigurationIsVisible = 0;
			defaultConfigurationName = Release;
		};
/* End XCConfigurationList section */
	};
	rootObject = CCCEE23327D0142B00ABA946 /* Project object */;
}
